
Microsoft Visual Studio Solution File, Format Version 12.00
# Visual Studio Version 17
VisualStudioVersion = 17.2.32516.85
MinimumVisualStudioVersion = 10.0.40219.1
Project("{FAE04EC0-301F-11D3-BF4B-00C04F79EFBC}") = "OpenAPITest", "OpenAPITest.csproj", "{ED7113A5-74E8-4565-A223-4843DE0AE946}"
EndProject
Global
	GlobalSection(SolutionConfigurationPlatforms) = preSolution
		Debug|Any CPU = Debug|Any CPU
		Release|Any CPU = Release|Any CPU
	EndGlobalSection
	GlobalSection(ProjectConfigurationPlatforms) = postSolution
		{ED7113A5-74E8-4565-A223-4843DE0AE946}.Debug|Any CPU.ActiveCfg = Debug|Any CPU
		{ED7113A5-74E8-4565-A223-4843DE0AE946}.Debug|Any CPU.Build.0 = Debug|Any CPU
		{ED7113A5-74E8-4565-A223-4843DE0AE946}.Release|Any CPU.ActiveCfg = Release|Any CPU
		{ED7113A5-74E8-4565-A223-4843DE0AE946}.Release|Any CPU.Build.0 = Release|Any CPU
	EndGlobalSection
	GlobalSection(SolutionProperties) = preSolution
		HideSolutionNode = FALSE
	EndGlobalSection
	GlobalSection(ExtensibilityGlobals) = postSolution
		SolutionGuid = {1A883EE9-6BF6-4A86-B1AD-3379292A5F24}
	EndGlobalSection
EndGlobal
